
Microsoft Visual Studio Solution File, Format Version 12.00
# Visual Studio Version 17
VisualStudioVersion = 17.12.35527.113 d17.12
MinimumVisualStudioVersion = 10.0.40219.1
Project("{FAE04EC0-301F-11D3-BF4B-00C04F79EFBC}") = "Övning1101", "Övning1101\Övning1101.csproj", "{296DC208-17ED-4590-AB8B-CD7507691ACD}"
EndProject
Global
	GlobalSection(SolutionConfigurationPlatforms) = preSolution
		Debug|Any CPU = Debug|Any CPU
		Release|Any CPU = Release|Any CPU
	EndGlobalSection
	GlobalSection(ProjectConfigurationPlatforms) = postSolution
		{296DC208-17ED-4590-AB8B-CD7507691ACD}.Debug|Any CPU.ActiveCfg = Debug|Any CPU
		{296DC208-17ED-4590-AB8B-CD7507691ACD}.Debug|Any CPU.Build.0 = Debug|Any CPU
		{296DC208-17ED-4590-AB8B-CD7507691ACD}.Release|Any CPU.ActiveCfg = Release|Any CPU
		{296DC208-17ED-4590-AB8B-CD7507691ACD}.Release|Any CPU.Build.0 = Release|Any CPU
	EndGlobalSection
	GlobalSection(SolutionProperties) = preSolution
		HideSolutionNode = FALSE
	EndGlobalSection
EndGlobal
