
Microsoft Visual Studio Solution File, Format Version 12.00
# Visual Studio Version 17
VisualStudioVersion = 17.12.35514.174 d17.12
MinimumVisualStudioVersion = 10.0.40219.1
Project("{FAE04EC0-301F-11D3-BF4B-00C04F79EFBC}") = "PseudokodÖvning2", "PseudokodÖvning2\PseudokodÖvning2.csproj", "{F7E692A7-1B9E-48A0-9987-B926A4E5EAA0}"
EndProject
Global
	GlobalSection(SolutionConfigurationPlatforms) = preSolution
		Debug|Any CPU = Debug|Any CPU
		Release|Any CPU = Release|Any CPU
	EndGlobalSection
	GlobalSection(ProjectConfigurationPlatforms) = postSolution
		{F7E692A7-1B9E-48A0-9987-B926A4E5EAA0}.Debug|Any CPU.ActiveCfg = Debug|Any CPU
		{F7E692A7-1B9E-48A0-9987-B926A4E5EAA0}.Debug|Any CPU.Build.0 = Debug|Any CPU
		{F7E692A7-1B9E-48A0-9987-B926A4E5EAA0}.Release|Any CPU.ActiveCfg = Release|Any CPU
		{F7E692A7-1B9E-48A0-9987-B926A4E5EAA0}.Release|Any CPU.Build.0 = Release|Any CPU
	EndGlobalSection
	GlobalSection(SolutionProperties) = preSolution
		HideSolutionNode = FALSE
	EndGlobalSection
EndGlobal
