
Microsoft Visual Studio Solution File, Format Version 12.00
# Visual Studio Version 17
VisualStudioVersion = 17.12.35527.113 d17.12
MinimumVisualStudioVersion = 10.0.40219.1
Project("{FAE04EC0-301F-11D3-BF4B-00C04F79EFBC}") = "Exercise1201", "Exercise1201\Exercise1201.csproj", "{C4163D0F-B869-4B96-9FB0-D0A94F3B9A0E}"
EndProject
Global
	GlobalSection(SolutionConfigurationPlatforms) = preSolution
		Debug|Any CPU = Debug|Any CPU
		Release|Any CPU = Release|Any CPU
	EndGlobalSection
	GlobalSection(ProjectConfigurationPlatforms) = postSolution
		{C4163D0F-B869-4B96-9FB0-D0A94F3B9A0E}.Debug|Any CPU.ActiveCfg = Debug|Any CPU
		{C4163D0F-B869-4B96-9FB0-D0A94F3B9A0E}.Debug|Any CPU.Build.0 = Debug|Any CPU
		{C4163D0F-B869-4B96-9FB0-D0A94F3B9A0E}.Release|Any CPU.ActiveCfg = Release|Any CPU
		{C4163D0F-B869-4B96-9FB0-D0A94F3B9A0E}.Release|Any CPU.Build.0 = Release|Any CPU
	EndGlobalSection
	GlobalSection(SolutionProperties) = preSolution
		HideSolutionNode = FALSE
	EndGlobalSection
EndGlobal
